
Microsoft Visual Studio Solution File, Format Version 12.00
# Visual Studio 15
VisualStudioVersion = 15.0.26730.12
MinimumVisualStudioVersion = 10.0.40219.1
Project("{8BC9CEB8-8B4A-11D0-8D11-00A0C91BC942}") = "Client", "Network01\Network01.vcxproj", "{759A9143-1DAD-4739-BC55-75122D383198}"
EndProject
Project("{8BC9CEB8-8B4A-11D0-8D11-00A0C91BC942}") = "Server", "Server\Server.vcxproj", "{77E6A1B0-97CB-4895-BC9D-8951C6626AE2}"
EndProject
Project("{8BC9CEB8-8B4A-11D0-8D11-00A0C91BC942}") = "Server_P2P", "Server_P2P\Server_P2P.vcxproj", "{51A4A202-1E61-4EE7-8F4F-0504AB0C30FA}"
EndProject
Project("{8BC9CEB8-8B4A-11D0-8D11-00A0C91BC942}") = "Client_P2P", "Client_P2P\Client_P2P.vcxproj", "{4687F8D7-996A-4947-A524-5182C5B1594E}"
EndProject
Project("{2150E333-8FDC-42A3-9474-1A3956D46DE8}") = "Solution Items", "Solution Items", "{16BB14A0-5DE9-4FEE-9FEA-676D3F69B14B}"
	ProjectSection(SolutionItems) = preProject
		lib\Direction.h = lib\Direction.h
		lib\Utils.h = lib\Utils.h
	EndProjectSection
EndProject
Global
	GlobalSection(SolutionConfigurationPlatforms) = preSolution
		Debug|x64 = Debug|x64
		Debug|x86 = Debug|x86
		Release|x64 = Release|x64
		Release|x86 = Release|x86
	EndGlobalSection
	GlobalSection(ProjectConfigurationPlatforms) = postSolution
		{759A9143-1DAD-4739-BC55-75122D383198}.Debug|x64.ActiveCfg = Debug|x64
		{759A9143-1DAD-4739-BC55-75122D383198}.Debug|x64.Build.0 = Debug|x64
		{759A9143-1DAD-4739-BC55-75122D383198}.Debug|x86.ActiveCfg = Debug|Win32
		{759A9143-1DAD-4739-BC55-75122D383198}.Debug|x86.Build.0 = Debug|Win32
		{759A9143-1DAD-4739-BC55-75122D383198}.Release|x64.ActiveCfg = Release|x64
		{759A9143-1DAD-4739-BC55-75122D383198}.Release|x64.Build.0 = Release|x64
		{759A9143-1DAD-4739-BC55-75122D383198}.Release|x86.ActiveCfg = Release|Win32
		{759A9143-1DAD-4739-BC55-75122D383198}.Release|x86.Build.0 = Release|Win32
		{77E6A1B0-97CB-4895-BC9D-8951C6626AE2}.Debug|x64.ActiveCfg = Debug|x64
		{77E6A1B0-97CB-4895-BC9D-8951C6626AE2}.Debug|x64.Build.0 = Debug|x64
		{77E6A1B0-97CB-4895-BC9D-8951C6626AE2}.Debug|x86.ActiveCfg = Debug|Win32
		{77E6A1B0-97CB-4895-BC9D-8951C6626AE2}.Debug|x86.Build.0 = Debug|Win32
		{77E6A1B0-97CB-4895-BC9D-8951C6626AE2}.Release|x64.ActiveCfg = Release|x64
		{77E6A1B0-97CB-4895-BC9D-8951C6626AE2}.Release|x64.Build.0 = Release|x64
		{77E6A1B0-97CB-4895-BC9D-8951C6626AE2}.Release|x86.ActiveCfg = Release|Win32
		{77E6A1B0-97CB-4895-BC9D-8951C6626AE2}.Release|x86.Build.0 = Release|Win32
		{51A4A202-1E61-4EE7-8F4F-0504AB0C30FA}.Debug|x64.ActiveCfg = Debug|x64
		{51A4A202-1E61-4EE7-8F4F-0504AB0C30FA}.Debug|x64.Build.0 = Debug|x64
		{51A4A202-1E61-4EE7-8F4F-0504AB0C30FA}.Debug|x86.ActiveCfg = Debug|Win32
		{51A4A202-1E61-4EE7-8F4F-0504AB0C30FA}.Debug|x86.Build.0 = Debug|Win32
		{51A4A202-1E61-4EE7-8F4F-0504AB0C30FA}.Release|x64.ActiveCfg = Release|x64
		{51A4A202-1E61-4EE7-8F4F-0504AB0C30FA}.Release|x64.Build.0 = Release|x64
		{51A4A202-1E61-4EE7-8F4F-0504AB0C30FA}.Release|x86.ActiveCfg = Release|Win32
		{51A4A202-1E61-4EE7-8F4F-0504AB0C30FA}.Release|x86.Build.0 = Release|Win32
		{4687F8D7-996A-4947-A524-5182C5B1594E}.Debug|x64.ActiveCfg = Debug|x64
		{4687F8D7-996A-4947-A524-5182C5B1594E}.Debug|x64.Build.0 = Debug|x64
		{4687F8D7-996A-4947-A524-5182C5B1594E}.Debug|x86.ActiveCfg = Debug|Win32
		{4687F8D7-996A-4947-A524-5182C5B1594E}.Debug|x86.Build.0 = Debug|Win32
		{4687F8D7-996A-4947-A524-5182C5B1594E}.Release|x64.ActiveCfg = Release|x64
		{4687F8D7-996A-4947-A524-5182C5B1594E}.Release|x64.Build.0 = Release|x64
		{4687F8D7-996A-4947-A524-5182C5B1594E}.Release|x86.ActiveCfg = Release|Win32
		{4687F8D7-996A-4947-A524-5182C5B1594E}.Release|x86.Build.0 = Release|Win32
	EndGlobalSection
	GlobalSection(SolutionProperties) = preSolution
		HideSolutionNode = FALSE
	EndGlobalSection
	GlobalSection(ExtensibilityGlobals) = postSolution
		SolutionGuid = {074DF805-AF18-4624-8D9A-A31ADB101A47}
	EndGlobalSection
EndGlobal
